
Microsoft Visual Studio Solution File, Format Version 12.00
# Visual Studio Version 16
VisualStudioVersion = 16.0.31515.178
MinimumVisualStudioVersion = 10.0.40219.1
Project("{8BC9CEB8-8B4A-11D0-8D11-00A0C91BC942}") = "Lab2_2", "Lab2_2.vcxproj", "{8395735C-1231-461F-A07E-9DA960AD529D}"
EndProject
Global
	GlobalSection(SolutionConfigurationPlatforms) = preSolution
		Debug|x64 = Debug|x64
		Debug|x86 = Debug|x86
		Release|x64 = Release|x64
		Release|x86 = Release|x86
	EndGlobalSection
	GlobalSection(ProjectConfigurationPlatforms) = postSolution
		{8395735C-1231-461F-A07E-9DA960AD529D}.Debug|x64.ActiveCfg = Debug|x64
		{8395735C-1231-461F-A07E-9DA960AD529D}.Debug|x64.Build.0 = Debug|x64
		{8395735C-1231-461F-A07E-9DA960AD529D}.Debug|x86.ActiveCfg = Debug|Win32
		{8395735C-1231-461F-A07E-9DA960AD529D}.Debug|x86.Build.0 = Debug|Win32
		{8395735C-1231-461F-A07E-9DA960AD529D}.Release|x64.ActiveCfg = Release|x64
		{8395735C-1231-461F-A07E-9DA960AD529D}.Release|x64.Build.0 = Release|x64
		{8395735C-1231-461F-A07E-9DA960AD529D}.Release|x86.ActiveCfg = Release|Win32
		{8395735C-1231-461F-A07E-9DA960AD529D}.Release|x86.Build.0 = Release|Win32
	EndGlobalSection
	GlobalSection(SolutionProperties) = preSolution
		HideSolutionNode = FALSE
	EndGlobalSection
	GlobalSection(ExtensibilityGlobals) = postSolution
		SolutionGuid = {9C60C341-D6B7-48D8-84C4-C9973CA054C9}
	EndGlobalSection
EndGlobal
